
Microsoft Visual Studio Solution File, Format Version 12.00
# Visual Studio Version 16
VisualStudioVersion = 16.0.33927.289
MinimumVisualStudioVersion = 10.0.40219.1
Project("{2150E333-8FDC-42A3-9474-1A3956D46DE8}") = "Task0", "Task0", "{8E484798-5682-4004-BE67-B19910FAD65E}"
EndProject
Project("{FAE04EC0-301F-11D3-BF4B-00C04F79EFBC}") = "Tyuiu.ZuborevDA.Sprint1.Task0.V8", "Tyuiu.ZuborevDA.Sprint1.Task0.V8\Tyuiu.ZuborevDA.Sprint1.Task0.V8.csproj", "{9090BC3E-B3BA-4BCB-8C72-1A5F3B3074CA}"
EndProject
Project("{FAE04EC0-301F-11D3-BF4B-00C04F79EFBC}") = "Tyuiu.ZuborevDA.Sprint1.Task0.V8.Lib", "Tyuiu.ZuborevDA.Sprint1.Task0.V8.Lib\Tyuiu.ZuborevDA.Sprint1.Task0.V8.Lib.csproj", "{A023C2FF-4DBC-4410-AE39-15AA1CDC8D72}"
EndProject
Project("{FAE04EC0-301F-11D3-BF4B-00C04F79EFBC}") = "Tyuiu.ZuborevDA.Sprint1.Task0.V8.Test", "Tyuiu.ZuborevDA.Sprint1.Task0.V8.Test\Tyuiu.ZuborevDA.Sprint1.Task0.V8.Test.csproj", "{970E179C-FA79-4E83-9E2F-559AB972259F}"
EndProject
Project("{2150E333-8FDC-42A3-9474-1A3956D46DE8}") = "Task1", "Task1", "{14448020-1D74-4071-8D43-1BFDF85B5D06}"
EndProject
Project("{FAE04EC0-301F-11D3-BF4B-00C04F79EFBC}") = "Tyuiu.ZuborevDA.Sprint1.Task1.V28", "Tyuiu.ZuborevDA.Sprint1.Task1.V28\Tyuiu.ZuborevDA.Sprint1.Task1.V28.csproj", "{DEAA5CDC-9838-4A28-9822-47E184A20508}"
EndProject
Project("{FAE04EC0-301F-11D3-BF4B-00C04F79EFBC}") = "Tyuiu.ZuborevDA.Sprint1.Task1.V28.Lib", "Tyuiu.ZuborevDA.Sprint1.Task1.V28.Lib\Tyuiu.ZuborevDA.Sprint1.Task1.V28.Lib.csproj", "{5C38D434-FA1C-453A-8C6A-397CF279EA55}"
EndProject
Project("{FAE04EC0-301F-11D3-BF4B-00C04F79EFBC}") = "Tyuiu.ZuborevDA.Sprint1.Task1.V28.Test", "Tyuiu.ZuborevDA.Sprint1.Task1.V28.Test\Tyuiu.ZuborevDA.Sprint1.Task1.V28.Test.csproj", "{43FB0D86-A34C-4FEC-BF73-47EE1FF7A7E4}"
EndProject
Project("{2150E333-8FDC-42A3-9474-1A3956D46DE8}") = "Task2", "Task2", "{3329CD14-E1D5-4DDC-987F-96B3D448A8C3}"
EndProject
Project("{FAE04EC0-301F-11D3-BF4B-00C04F79EFBC}") = "Tyuiu.ZuborevDA.Sprint1.Task2.V9", "Tyuiu.ZuborevDA.Sprint1.Task2.V9\Tyuiu.ZuborevDA.Sprint1.Task2.V9.csproj", "{3AF2D175-A852-4093-BBA5-9D827ABFFCB7}"
EndProject
Project("{FAE04EC0-301F-11D3-BF4B-00C04F79EFBC}") = "Tyuiu.ZuborevDA.Sprint1.Task2.V9.Test", "Tyuiu.ZuborevDA.Sprint1.Task2.V9.Test\Tyuiu.ZuborevDA.Sprint1.Task2.V9.Test.csproj", "{4BD13015-F8D0-4B5C-9DA8-785875899105}"
EndProject
Project("{FAE04EC0-301F-11D3-BF4B-00C04F79EFBC}") = "Tyuiu.ZuborevDA.Sprint1.Task2.V9.Lib", "Tyuiu.ZuborevDA.Sprint1.Task2.V9.Lib\Tyuiu.ZuborevDA.Sprint1.Task2.V9.Lib.csproj", "{DA556078-27D1-42CB-BFC7-26D3BDD7BCA3}"
EndProject
Project("{2150E333-8FDC-42A3-9474-1A3956D46DE8}") = "Task3", "Task3", "{57F0F76C-1887-4405-A380-55DAB280D20C}"
EndProject
Project("{FAE04EC0-301F-11D3-BF4B-00C04F79EFBC}") = "Tyuiu.ZuborevDA.Sprint1.Task3.V12", "Tyuiu.ZuborevDA.Sprint1.Task3.V12\Tyuiu.ZuborevDA.Sprint1.Task3.V12.csproj", "{0727DAC8-54DD-4EC0-A92C-942CC069B344}"
EndProject
Project("{FAE04EC0-301F-11D3-BF4B-00C04F79EFBC}") = "Tyuiu.ZuborevDA.Sprint1.Task3.V12.Lib", "Tyuiu.ZuborevDA.Sprint1.Task3.V12.Lib\Tyuiu.ZuborevDA.Sprint1.Task3.V12.Lib.csproj", "{512F0EE4-D34F-4E7B-A009-3E33096DAF68}"
EndProject
Project("{FAE04EC0-301F-11D3-BF4B-00C04F79EFBC}") = "Tyuiu.ZuborevDA.Sprint1.Task3.V12.Test", "Tyuiu.ZuborevDA.Sprint1.Task3.V12.Test\Tyuiu.ZuborevDA.Sprint1.Task3.V12.Test.csproj", "{19716C37-6E8C-4DD1-AF4C-9B8FCFDCD1F2}"
EndProject
Project("{2150E333-8FDC-42A3-9474-1A3956D46DE8}") = "Task4", "Task4", "{393F6CB5-E397-4A6D-8564-D3992D4D6916}"
EndProject
Project("{FAE04EC0-301F-11D3-BF4B-00C04F79EFBC}") = "Tyuiu.ZuborevDA.Sprint1.Task4.V1", "Tyuiu.ZuborevDA.Sprint1.Task4.V1\Tyuiu.ZuborevDA.Sprint1.Task4.V1.csproj", "{E7347648-947D-4A28-82BB-5B77854D789A}"
EndProject
Project("{FAE04EC0-301F-11D3-BF4B-00C04F79EFBC}") = "Tyuiu.ZuborevDA.Sprint1.Task4.V1.Lib", "Tyuiu.ZuborevDA.Sprint1.Task4.V1.Lib\Tyuiu.ZuborevDA.Sprint1.Task4.V1.Lib.csproj", "{F4A466A3-DE1B-48AD-9289-46A62432DCB2}"
EndProject
Project("{FAE04EC0-301F-11D3-BF4B-00C04F79EFBC}") = "Tyuiu.ZuborevDA.Sprint1.Task4.V1.Test", "Tyuiu.ZuborevDA.Sprint1.Task4.V1.Test\Tyuiu.ZuborevDA.Sprint1.Task4.V1.Test.csproj", "{BFD68385-5708-4B95-9EC7-E45019EF301E}"
EndProject
Project("{2150E333-8FDC-42A3-9474-1A3956D46DE8}") = "Task5", "Task5", "{08482ABC-2B45-45B7-A806-C1CEFE24FA89}"
EndProject
Project("{FAE04EC0-301F-11D3-BF4B-00C04F79EFBC}") = "Tyuiu.ZuborevDA.Sprint1.Task5.V7", "Tyuiu.ZuborevDA.Sprint1.Task5.V7\Tyuiu.ZuborevDA.Sprint1.Task5.V7.csproj", "{0CD97AAD-785E-43D7-A68B-D92D2073AA77}"
EndProject
Project("{FAE04EC0-301F-11D3-BF4B-00C04F79EFBC}") = "Tyuiu.ZuborevDA.Sprint1.Task5.V7.Test", "Tyuiu.ZuborevDA.Sprint1.Task5.V7.Test\Tyuiu.ZuborevDA.Sprint1.Task5.V7.Test.csproj", "{EDA87547-FC73-4D96-84B2-AFFAF6965586}"
EndProject
Project("{FAE04EC0-301F-11D3-BF4B-00C04F79EFBC}") = "Tyuiu.ZuborevDA.Sprint1.Task5.V7.Lib", "Tyuiu.ZuborevDA.Sprint1.Task5.V7.Lib\Tyuiu.ZuborevDA.Sprint1.Task5.V7.Lib.csproj", "{6E52A35E-1E83-4882-AD9F-2C315F3BFC98}"
EndProject
Global
	GlobalSection(SolutionConfigurationPlatforms) = preSolution
		Debug|Any CPU = Debug|Any CPU
		Release|Any CPU = Release|Any CPU
	EndGlobalSection
	GlobalSection(ProjectConfigurationPlatforms) = postSolution
		{9090BC3E-B3BA-4BCB-8C72-1A5F3B3074CA}.Debug|Any CPU.ActiveCfg = Debug|Any CPU
		{9090BC3E-B3BA-4BCB-8C72-1A5F3B3074CA}.Debug|Any CPU.Build.0 = Debug|Any CPU
		{9090BC3E-B3BA-4BCB-8C72-1A5F3B3074CA}.Release|Any CPU.ActiveCfg = Release|Any CPU
		{9090BC3E-B3BA-4BCB-8C72-1A5F3B3074CA}.Release|Any CPU.Build.0 = Release|Any CPU
		{A023C2FF-4DBC-4410-AE39-15AA1CDC8D72}.Debug|Any CPU.ActiveCfg = Debug|Any CPU
		{A023C2FF-4DBC-4410-AE39-15AA1CDC8D72}.Debug|Any CPU.Build.0 = Debug|Any CPU
		{A023C2FF-4DBC-4410-AE39-15AA1CDC8D72}.Release|Any CPU.ActiveCfg = Release|Any CPU
		{A023C2FF-4DBC-4410-AE39-15AA1CDC8D72}.Release|Any CPU.Build.0 = Release|Any CPU
		{970E179C-FA79-4E83-9E2F-559AB972259F}.Debug|Any CPU.ActiveCfg = Debug|Any CPU
		{970E179C-FA79-4E83-9E2F-559AB972259F}.Debug|Any CPU.Build.0 = Debug|Any CPU
		{970E179C-FA79-4E83-9E2F-559AB972259F}.Release|Any CPU.ActiveCfg = Release|Any CPU
		{970E179C-FA79-4E83-9E2F-559AB972259F}.Release|Any CPU.Build.0 = Release|Any CPU
		{DEAA5CDC-9838-4A28-9822-47E184A20508}.Debug|Any CPU.ActiveCfg = Debug|Any CPU
		{DEAA5CDC-9838-4A28-9822-47E184A20508}.Debug|Any CPU.Build.0 = Debug|Any CPU
		{DEAA5CDC-9838-4A28-9822-47E184A20508}.Release|Any CPU.ActiveCfg = Release|Any CPU
		{DEAA5CDC-9838-4A28-9822-47E184A20508}.Release|Any CPU.Build.0 = Release|Any CPU
		{5C38D434-FA1C-453A-8C6A-397CF279EA55}.Debug|Any CPU.ActiveCfg = Debug|Any CPU
		{5C38D434-FA1C-453A-8C6A-397CF279EA55}.Debug|Any CPU.Build.0 = Debug|Any CPU
		{5C38D434-FA1C-453A-8C6A-397CF279EA55}.Release|Any CPU.ActiveCfg = Release|Any CPU
		{5C38D434-FA1C-453A-8C6A-397CF279EA55}.Release|Any CPU.Build.0 = Release|Any CPU
		{43FB0D86-A34C-4FEC-BF73-47EE1FF7A7E4}.Debug|Any CPU.ActiveCfg = Debug|Any CPU
		{43FB0D86-A34C-4FEC-BF73-47EE1FF7A7E4}.Debug|Any CPU.Build.0 = Debug|Any CPU
		{43FB0D86-A34C-4FEC-BF73-47EE1FF7A7E4}.Release|Any CPU.ActiveCfg = Release|Any CPU
		{43FB0D86-A34C-4FEC-BF73-47EE1FF7A7E4}.Release|Any CPU.Build.0 = Release|Any CPU
		{3AF2D175-A852-4093-BBA5-9D827ABFFCB7}.Debug|Any CPU.ActiveCfg = Debug|Any CPU
		{3AF2D175-A852-4093-BBA5-9D827ABFFCB7}.Debug|Any CPU.Build.0 = Debug|Any CPU
		{3AF2D175-A852-4093-BBA5-9D827ABFFCB7}.Release|Any CPU.ActiveCfg = Release|Any CPU
		{3AF2D175-A852-4093-BBA5-9D827ABFFCB7}.Release|Any CPU.Build.0 = Release|Any CPU
		{4BD13015-F8D0-4B5C-9DA8-785875899105}.Debug|Any CPU.ActiveCfg = Debug|Any CPU
		{4BD13015-F8D0-4B5C-9DA8-785875899105}.Debug|Any CPU.Build.0 = Debug|Any CPU
		{4BD13015-F8D0-4B5C-9DA8-785875899105}.Release|Any CPU.ActiveCfg = Release|Any CPU
		{4BD13015-F8D0-4B5C-9DA8-785875899105}.Release|Any CPU.Build.0 = Release|Any CPU
		{DA556078-27D1-42CB-BFC7-26D3BDD7BCA3}.Debug|Any CPU.ActiveCfg = Debug|Any CPU
		{DA556078-27D1-42CB-BFC7-26D3BDD7BCA3}.Debug|Any CPU.Build.0 = Debug|Any CPU
		{DA556078-27D1-42CB-BFC7-26D3BDD7BCA3}.Release|Any CPU.ActiveCfg = Release|Any CPU
		{DA556078-27D1-42CB-BFC7-26D3BDD7BCA3}.Release|Any CPU.Build.0 = Release|Any CPU
		{0727DAC8-54DD-4EC0-A92C-942CC069B344}.Debug|Any CPU.ActiveCfg = Debug|Any CPU
		{0727DAC8-54DD-4EC0-A92C-942CC069B344}.Debug|Any CPU.Build.0 = Debug|Any CPU
		{0727DAC8-54DD-4EC0-A92C-942CC069B344}.Release|Any CPU.ActiveCfg = Release|Any CPU
		{0727DAC8-54DD-4EC0-A92C-942CC069B344}.Release|Any CPU.Build.0 = Release|Any CPU
		{512F0EE4-D34F-4E7B-A009-3E33096DAF68}.Debug|Any CPU.ActiveCfg = Debug|Any CPU
		{512F0EE4-D34F-4E7B-A009-3E33096DAF68}.Debug|Any CPU.Build.0 = Debug|Any CPU
		{512F0EE4-D34F-4E7B-A009-3E33096DAF68}.Release|Any CPU.ActiveCfg = Release|Any CPU
		{512F0EE4-D34F-4E7B-A009-3E33096DAF68}.Release|Any CPU.Build.0 = Release|Any CPU
		{19716C37-6E8C-4DD1-AF4C-9B8FCFDCD1F2}.Debug|Any CPU.ActiveCfg = Debug|Any CPU
		{19716C37-6E8C-4DD1-AF4C-9B8FCFDCD1F2}.Debug|Any CPU.Build.0 = Debug|Any CPU
		{19716C37-6E8C-4DD1-AF4C-9B8FCFDCD1F2}.Release|Any CPU.ActiveCfg = Release|Any CPU
		{19716C37-6E8C-4DD1-AF4C-9B8FCFDCD1F2}.Release|Any CPU.Build.0 = Release|Any CPU
		{E7347648-947D-4A28-82BB-5B77854D789A}.Debug|Any CPU.ActiveCfg = Debug|Any CPU
		{E7347648-947D-4A28-82BB-5B77854D789A}.Debug|Any CPU.Build.0 = Debug|Any CPU
		{E7347648-947D-4A28-82BB-5B77854D789A}.Release|Any CPU.ActiveCfg = Release|Any CPU
		{E7347648-947D-4A28-82BB-5B77854D789A}.Release|Any CPU.Build.0 = Release|Any CPU
		{F4A466A3-DE1B-48AD-9289-46A62432DCB2}.Debug|Any CPU.ActiveCfg = Debug|Any CPU
		{F4A466A3-DE1B-48AD-9289-46A62432DCB2}.Debug|Any CPU.Build.0 = Debug|Any CPU
		{F4A466A3-DE1B-48AD-9289-46A62432DCB2}.Release|Any CPU.ActiveCfg = Release|Any CPU
		{F4A466A3-DE1B-48AD-9289-46A62432DCB2}.Release|Any CPU.Build.0 = Release|Any CPU
		{BFD68385-5708-4B95-9EC7-E45019EF301E}.Debug|Any CPU.ActiveCfg = Debug|Any CPU
		{BFD68385-5708-4B95-9EC7-E45019EF301E}.Debug|Any CPU.Build.0 = Debug|Any CPU
		{BFD68385-5708-4B95-9EC7-E45019EF301E}.Release|Any CPU.ActiveCfg = Release|Any CPU
		{BFD68385-5708-4B95-9EC7-E45019EF301E}.Release|Any CPU.Build.0 = Release|Any CPU
		{0CD97AAD-785E-43D7-A68B-D92D2073AA77}.Debug|Any CPU.ActiveCfg = Debug|Any CPU
		{0CD97AAD-785E-43D7-A68B-D92D2073AA77}.Debug|Any CPU.Build.0 = Debug|Any CPU
		{0CD97AAD-785E-43D7-A68B-D92D2073AA77}.Release|Any CPU.ActiveCfg = Release|Any CPU
		{0CD97AAD-785E-43D7-A68B-D92D2073AA77}.Release|Any CPU.Build.0 = Release|Any CPU
		{EDA87547-FC73-4D96-84B2-AFFAF6965586}.Debug|Any CPU.ActiveCfg = Debug|Any CPU
		{EDA87547-FC73-4D96-84B2-AFFAF6965586}.Debug|Any CPU.Build.0 = Debug|Any CPU
		{EDA87547-FC73-4D96-84B2-AFFAF6965586}.Release|Any CPU.ActiveCfg = Release|Any CPU
		{EDA87547-FC73-4D96-84B2-AFFAF6965586}.Release|Any CPU.Build.0 = Release|Any CPU
		{6E52A35E-1E83-4882-AD9F-2C315F3BFC98}.Debug|Any CPU.ActiveCfg = Debug|Any CPU
		{6E52A35E-1E83-4882-AD9F-2C315F3BFC98}.Debug|Any CPU.Build.0 = Debug|Any CPU
		{6E52A35E-1E83-4882-AD9F-2C315F3BFC98}.Release|Any CPU.ActiveCfg = Release|Any CPU
		{6E52A35E-1E83-4882-AD9F-2C315F3BFC98}.Release|Any CPU.Build.0 = Release|Any CPU
	EndGlobalSection
	GlobalSection(SolutionProperties) = preSolution
		HideSolutionNode = FALSE
	EndGlobalSection
	GlobalSection(NestedProjects) = preSolution
		{9090BC3E-B3BA-4BCB-8C72-1A5F3B3074CA} = {8E484798-5682-4004-BE67-B19910FAD65E}
		{A023C2FF-4DBC-4410-AE39-15AA1CDC8D72} = {8E484798-5682-4004-BE67-B19910FAD65E}
		{970E179C-FA79-4E83-9E2F-559AB972259F} = {8E484798-5682-4004-BE67-B19910FAD65E}
		{DEAA5CDC-9838-4A28-9822-47E184A20508} = {14448020-1D74-4071-8D43-1BFDF85B5D06}
		{5C38D434-FA1C-453A-8C6A-397CF279EA55} = {14448020-1D74-4071-8D43-1BFDF85B5D06}
		{43FB0D86-A34C-4FEC-BF73-47EE1FF7A7E4} = {14448020-1D74-4071-8D43-1BFDF85B5D06}
		{3AF2D175-A852-4093-BBA5-9D827ABFFCB7} = {3329CD14-E1D5-4DDC-987F-96B3D448A8C3}
		{4BD13015-F8D0-4B5C-9DA8-785875899105} = {3329CD14-E1D5-4DDC-987F-96B3D448A8C3}
		{DA556078-27D1-42CB-BFC7-26D3BDD7BCA3} = {3329CD14-E1D5-4DDC-987F-96B3D448A8C3}
		{0727DAC8-54DD-4EC0-A92C-942CC069B344} = {57F0F76C-1887-4405-A380-55DAB280D20C}
		{512F0EE4-D34F-4E7B-A009-3E33096DAF68} = {57F0F76C-1887-4405-A380-55DAB280D20C}
		{19716C37-6E8C-4DD1-AF4C-9B8FCFDCD1F2} = {57F0F76C-1887-4405-A380-55DAB280D20C}
		{E7347648-947D-4A28-82BB-5B77854D789A} = {393F6CB5-E397-4A6D-8564-D3992D4D6916}
		{F4A466A3-DE1B-48AD-9289-46A62432DCB2} = {393F6CB5-E397-4A6D-8564-D3992D4D6916}
		{BFD68385-5708-4B95-9EC7-E45019EF301E} = {393F6CB5-E397-4A6D-8564-D3992D4D6916}
		{0CD97AAD-785E-43D7-A68B-D92D2073AA77} = {08482ABC-2B45-45B7-A806-C1CEFE24FA89}
		{EDA87547-FC73-4D96-84B2-AFFAF6965586} = {08482ABC-2B45-45B7-A806-C1CEFE24FA89}
		{6E52A35E-1E83-4882-AD9F-2C315F3BFC98} = {08482ABC-2B45-45B7-A806-C1CEFE24FA89}
	EndGlobalSection
	GlobalSection(ExtensibilityGlobals) = postSolution
		SolutionGuid = {8F5BEF5C-2A3B-4FD1-AE87-D8D24C968B8D}
	EndGlobalSection
EndGlobal
